
Microsoft Visual Studio Solution File, Format Version 12.00
# Visual Studio Version 16
VisualStudioVersion = 16.0.31112.23
MinimumVisualStudioVersion = 10.0.40219.1
Project("{9A19103F-16F7-4668-BE54-9A1E7A4F7556}") = "CreditCards", "..\CreditCards\CreditCards\CreditCards.csproj", "{EF1236D3-0524-4D03-9DFD-DBD7DA07D219}"
EndProject
Project("{FAE04EC0-301F-11D3-BF4B-00C04F79EFBC}") = "CreditCards.UITests", "..\CreditCards.UITests\CreditCards.UITests.csproj", "{9BD6C285-539C-4BB1-BB44-C237BDDA0582}"
EndProject
Global
	GlobalSection(SolutionConfigurationPlatforms) = preSolution
		Debug|Any CPU = Debug|Any CPU
		Release|Any CPU = Release|Any CPU
	EndGlobalSection
	GlobalSection(ProjectConfigurationPlatforms) = postSolution
		{EF1236D3-0524-4D03-9DFD-DBD7DA07D219}.Debug|Any CPU.ActiveCfg = Debug|Any CPU
		{EF1236D3-0524-4D03-9DFD-DBD7DA07D219}.Debug|Any CPU.Build.0 = Debug|Any CPU
		{EF1236D3-0524-4D03-9DFD-DBD7DA07D219}.Release|Any CPU.ActiveCfg = Release|Any CPU
		{EF1236D3-0524-4D03-9DFD-DBD7DA07D219}.Release|Any CPU.Build.0 = Release|Any CPU
		{9BD6C285-539C-4BB1-BB44-C237BDDA0582}.Debug|Any CPU.ActiveCfg = Debug|Any CPU
		{9BD6C285-539C-4BB1-BB44-C237BDDA0582}.Debug|Any CPU.Build.0 = Debug|Any CPU
		{9BD6C285-539C-4BB1-BB44-C237BDDA0582}.Release|Any CPU.ActiveCfg = Release|Any CPU
		{9BD6C285-539C-4BB1-BB44-C237BDDA0582}.Release|Any CPU.Build.0 = Release|Any CPU
	EndGlobalSection
	GlobalSection(SolutionProperties) = preSolution
		HideSolutionNode = FALSE
	EndGlobalSection
	GlobalSection(ExtensibilityGlobals) = postSolution
		SolutionGuid = {57F6833B-F0F5-412B-ABFD-AFA97AC250AD}
	EndGlobalSection
EndGlobal
